// !$*UTF8*$!
{
	archiveVersion = 1;
	classes = {
	};
	objectVersion = 77;
	objects = {

/* Begin PBXBuildFile section */
		CC1CC0BD2FF3CD6000398131 /* SwiftMath in Frameworks */ = {isa = PBXBuildFile; productRef = CC1CC0BC2FF3CD6000398131 /* SwiftMath */; };
/* End PBXBuildFile section */

/* Begin PBXContainerItemProxy section */
		CCDA1E672FF3C5EB00FC61D4 /* PBXContainerItemProxy */ = {
			isa = PBXContainerItemProxy;
			containerPortal = CCDA1E512FF3C5E900FC61D4 /* Project object */;
			proxyType = 1;
			remoteGlobalIDString = CCDA1E582FF3C5E900FC61D4;
			remoteInfo = Algebra;
		};
		CCDA1E712FF3C5EB00FC61D4 /* PBXContainerItemProxy */ = {
			isa = PBXContainerItemProxy;
			containerPortal = CCDA1E512FF3C5E900FC61D4 /* Project object */;
			proxyType = 1;
			remoteGlobalIDString = CCDA1E582FF3C5E900FC61D4;
			remoteInfo = Algebra;
		};
/* End PBXContainerItemProxy section */

/* Begin PBXFileReference section */
		CCDA1E592FF3C5E900FC61D4 /* Algebra.app */ = {isa = PBXFileReference; explicitFileType = wrapper.application; includeInIndex = 0; path = Algebra.app; sourceTree = BUILT_PRODUCTS_DIR; };
		CCDA1E662FF3C5EB00FC61D4 /* AlgebraTests.xctest */ = {isa = PBXFileReference; explicitFileType = wrapper.cfbundle; includeInIndex = 0; path = AlgebraTests.xctest; sourceTree = BUILT_PRODUCTS_DIR; };
		CCDA1E702FF3C5EB00FC61D4 /* AlgebraUITests.xctest */ = {isa = PBXFileReference; explicitFileType = wrapper.cfbundle; includeInIndex = 0; path = AlgebraUITests.xctest; sourceTree = BUILT_PRODUCTS_DIR; };
/* End PBXFileReference section */

/* Begin PBXFileSystemSynchronizedRootGroup section */
		CCDA1E5B2FF3C5E900FC61D4 /* Algebra */ = {
			isa = PBXFileSystemSynchronizedRootGroup;
			path = Algebra;
			sourceTree = "<group>";
		};
		CCDA1E692FF3C5EB00FC61D4 /* AlgebraTests */ = {
			isa = PBXFileSystemSynchronizedRootGroup;
			path = AlgebraTests;
			sourceTree = "<group>";
		};
		CCDA1E732FF3C5EB00FC61D4 /* AlgebraUITests */ = {
			isa = PBXFileSystemSynchronizedRootGroup;
			path = AlgebraUITests;
			sourceTree = "<group>";
		};
/* End PBXFileSystemSynchronizedRootGroup section */

/* Begin PBXFrameworksBuildPhase section */
		CCDA1E562FF3C5E900FC61D4 /* Frameworks */ = {
			isa = PBXFrameworksBuildPhase;
			buildActionMask = 2147483647;
			files = (
				CC1CC0BD2FF3CD6000398131 /* SwiftMath in Frameworks */,
			);
			runOnlyForDeploymentPostprocessing = 0;
		};
		CCDA1E632FF3C5EB00FC61D4 /* Frameworks */ = {
			isa = PBXFrameworksBuildPhase;
			buildActionMask = 2147483647;
			files = (
			);
			runOnlyForDeploymentPostprocessing = 0;
		};
		CCDA1E6D2FF3C5EB00FC61D4 /* Frameworks */ = {
			isa = PBXFrameworksBuildPhase;
			buildActionMask = 2147483647;
			files = (
			);
			runOnlyForDeploymentPostprocessing = 0;
		};
/* End PBXFrameworksBuildPhase section */

/* Begin PBXGroup section */
		CCDA1E502FF3C5E900FC61D4 = {
			isa = PBXGroup;
			children = (
				CCDA1E5B2FF3C5E900FC61D4 /* Algebra */,
				CCDA1E692FF3C5EB00FC61D4 /* AlgebraTests */,
				CCDA1E732FF3C5EB00FC61D4 /* AlgebraUITests */,
				CCDA1E5A2FF3C5E900FC61D4 /* Products */,
			);
			sourceTree = "<group>";
		};
		CCDA1E5A2FF3C5E900FC61D4 /* Products */ = {
			isa = PBXGroup;
			children = (
				CCDA1E592FF3C5E900FC61D4 /* Algebra.app */,
				CCDA1E662FF3C5EB00FC61D4 /* AlgebraTests.xctest */,
				CCDA1E702FF3C5EB00FC61D4 /* AlgebraUITests.xctest */,
			);
			name = Products;
			sourceTree = "<group>";
		};
/* End PBXGroup section */

/* Begin PBXNativeTarget section */
		CCDA1E582FF3C5E900FC61D4 /* Algebra */ = {
			isa = PBXNativeTarget;
			buildConfigurationList = CCDA1E7A2FF3C5EB00FC61D4 /* Build configuration list for PBXNativeTarget "Algebra" */;
			buildPhases = (
				CCDA1E552FF3C5E900FC61D4 /* Sources */,
				CCDA1E562FF3C5E900FC61D4 /* Frameworks */,
				CCDA1E572FF3C5E900FC61D4 /* Resources */,
			);
			buildRules = (
			);
			dependencies = (
			);
			fileSystemSynchronizedGroups = (
				CCDA1E5B2FF3C5E900FC61D4 /* Algebra */,
			);
			name = Algebra;
			packageProductDependencies = (
				CC1CC0BC2FF3CD6000398131 /* SwiftMath */,
			);
			productName = Algebra;
			productReference = CCDA1E592FF3C5E900FC61D4 /* Algebra.app */;
			productType = "com.apple.product-type.application";
		};
		CCDA1E652FF3C5EB00FC61D4 /* AlgebraTests */ = {
			isa = PBXNativeTarget;
			buildConfigurationList = CCDA1E7D2FF3C5EB00FC61D4 /* Build configuration list for PBXNativeTarget "AlgebraTests" */;
			buildPhases = (
				CCDA1E622FF3C5EB00FC61D4 /* Sources */,
				CCDA1E632FF3C5EB00FC61D4 /* Frameworks */,
				CCDA1E642FF3C5EB00FC61D4 /* Resources */,
			);
			buildRules = (
			);
			dependencies = (
				CCDA1E682FF3C5EB00FC61D4 /* PBXTargetDependency */,
			);
			fileSystemSynchronizedGroups = (
				CCDA1E692FF3C5EB00FC61D4 /* AlgebraTests */,
			);
			name = AlgebraTests;
			packageProductDependencies = (
			);
			productName = AlgebraTests;
			productReference = CCDA1E662FF3C5EB00FC61D4 /* AlgebraTests.xctest */;
			productType = "com.apple.product-type.bundle.unit-test";
		};
		CCDA1E6F2FF3C5EB00FC61D4 /* AlgebraUITests */ = {
			isa = PBXNativeTarget;
			buildConfigurationList = CCDA1E802FF3C5EB00FC61D4 /* Build configuration list for PBXNativeTarget "AlgebraUITests" */;
			buildPhases = (
				CCDA1E6C2FF3C5EB00FC61D4 /* Sources */,
				CCDA1E6D2FF3C5EB00FC61D4 /* Frameworks */,
				CCDA1E6E2FF3C5EB00FC61D4 /* Resources */,
			);
			buildRules = (
			);
			dependencies = (
				CCDA1E722FF3C5EB00FC61D4 /* PBXTargetDependency */,
			);
			fileSystemSynchronizedGroups = (
				CCDA1E732FF3C5EB00FC61D4 /* AlgebraUITests */,
			);
			name = AlgebraUITests;
			packageProductDependencies = (
			);
			productName = AlgebraUITests;
			productReference = CCDA1E702FF3C5EB00FC61D4 /* AlgebraUITests.xctest */;
			productType = "com.apple.product-type.bundle.ui-testing";
		};
/* End PBXNativeTarget section */

/* Begin PBXProject section */
		CCDA1E512FF3C5E900FC61D4 /* Project object */ = {
			isa = PBXProject;
			attributes = {
				BuildIndependentTargetsInParallel = 1;
				LastSwiftUpdateCheck = 2610;
				LastUpgradeCheck = 2610;
				TargetAttributes = {
					CCDA1E582FF3C5E900FC61D4 = {
						CreatedOnToolsVersion = 26.1;
					};
					CCDA1E652FF3C5EB00FC61D4 = {
						CreatedOnToolsVersion = 26.1;
						TestTargetID = CCDA1E582FF3C5E900FC61D4;
					};
					CCDA1E6F2FF3C5EB00FC61D4 = {
						CreatedOnToolsVersion = 26.1;
						TestTargetID = CCDA1E582FF3C5E900FC61D4;
					};
				};
			};
			buildConfigurationList = CCDA1E542FF3C5E900FC61D4 /* Build configuration list for PBXProject "Algebra" */;
			developmentRegion = en;
			hasScannedForEncodings = 0;
			knownRegions = (
				en,
				Base,
			);
			mainGroup = CCDA1E502FF3C5E900FC61D4;
			minimizedProjectReferenceProxies = 1;
			packageReferences = (
				CC1CC0BB2FF3CD6000398131 /* XCRemoteSwiftPackageReference "SwiftMath" */,
			);
			preferredProjectObjectVersion = 77;
			productRefGroup = CCDA1E5A2FF3C5E900FC61D4 /* Products */;
			projectDirPath = "";
			projectRoot = "";
			targets = (
				CCDA1E582FF3C5E900FC61D4 /* Algebra */,
				CCDA1E652FF3C5EB00FC61D4 /* AlgebraTests */,
				CCDA1E6F2FF3C5EB00FC61D4 /* AlgebraUITests */,
			);
		};
/* End PBXProject section */

/* Begin PBXResourcesBuildPhase section */
		CCDA1E572FF3C5E900FC61D4 /* Resources */ = {
			isa = PBXResourcesBuildPhase;
			buildActionMask = 2147483647;
			files = (
			);
			runOnlyForDeploymentPostprocessing = 0;
		};
		CCDA1E642FF3C5EB00FC61D4 /* Resources */ = {
			isa = PBXResourcesBuildPhase;
			buildActionMask = 2147483647;
			files = (
			);
			runOnlyForDeploymentPostprocessing = 0;
		};
		CCDA1E6E2FF3C5EB00FC61D4 /* Resources */ = {
			isa = PBXResourcesBuildPhase;
			buildActionMask = 2147483647;
			files = (
			);
			runOnlyForDeploymentPostprocessing = 0;
		};
/* End PBXResourcesBuildPhase section */

/* Begin PBXSourcesBuildPhase section */
		CCDA1E552FF3C5E900FC61D4 /* Sources */ = {
			isa = PBXSourcesBuildPhase;
			buildActionMask = 2147483647;
			files = (
			);
			runOnlyForDeploymentPostprocessing = 0;
		};
		CCDA1E622FF3C5EB00FC61D4 /* Sources */ = {
			isa = PBXSourcesBuildPhase;
			buildActionMask = 2147483647;
			files = (
			);
			runOnlyForDeploymentPostprocessing = 0;
		};
		CCDA1E6C2FF3C5EB00FC61D4 /* Sources */ = {
			isa = PBXSourcesBuildPhase;
			buildActionMask = 2147483647;
			files = (
			);
			runOnlyForDeploymentPostprocessing = 0;
		};
/* End PBXSourcesBuildPhase section */

/* Begin PBXTargetDependency section */
		CCDA1E682FF3C5EB00FC61D4 /* PBXTargetDependency */ = {
			isa = PBXTargetDependency;
			target = CCDA1E582FF3C5E900FC61D4 /* Algebra */;
			targetProxy = CCDA1E672FF3C5EB00FC61D4 /* PBXContainerItemProxy */;
		};
		CCDA1E722FF3C5EB00FC61D4 /* PBXTargetDependency */ = {
			isa = PBXTargetDependency;
			target = CCDA1E582FF3C5E900FC61D4 /* Algebra */;
			targetProxy = CCDA1E712FF3C5EB00FC61D4 /* PBXContainerItemProxy */;
		};
/* End PBXTargetDependency section */

/* Begin XCBuildConfiguration section */
		CCDA1E782FF3C5EB00FC61D4 /* Debug */ = {
			isa = XCBuildConfiguration;
			buildSettings = {
				ALWAYS_SEARCH_USER_PATHS = NO;
				ASSETCATALOG_COMPILER_GENERATE_SWIFT_ASSET_SYMBOL_EXTENSIONS = YES;
				CLANG_ANALYZER_NONNULL = YES;
				CLANG_ANALYZER_NUMBER_OBJECT_CONVERSION = YES_AGGRESSIVE;
				CLANG_CXX_LANGUAGE_STANDARD = "gnu++20";
				CLANG_ENABLE_MODULES = YES;
				CLANG_ENABLE_OBJC_ARC = YES;
				CLANG_ENABLE_OBJC_WEAK = YES;
				CLANG_WARN_BLOCK_CAPTURE_AUTORELEASING = YES;
				CLANG_WARN_BOOL_CONVERSION = YES;
				CLANG_WARN_COMMA = YES;
				CLANG_WARN_CONSTANT_CONVERSION = YES;
				CLANG_WARN_DEPRECATED_OBJC_IMPLEMENTATIONS = YES;
				CLANG_WARN_DIRECT_OBJC_ISA_USAGE = YES_ERROR;
				CLANG_WARN_DOCUMENTATION_COMMENTS = YES;
				CLANG_WARN_EMPTY_BODY = YES;
				CLANG_WARN_ENUM_CONVERSION = YES;
				CLANG_WARN_INFINITE_RECURSION = YES;
				CLANG_WARN_INT_CONVERSION = YES;
				CLANG_WARN_NON_LITERAL_NULL_CONVERSION = YES;
				CLANG_WARN_OBJC_IMPLICIT_RETAIN_SELF = YES;
				CLANG_WARN_OBJC_LITERAL_CONVERSION = YES;
				CLANG_WARN_OBJC_ROOT_CLASS = YES_ERROR;
				CLANG_WARN_QUOTED_INCLUDE_IN_FRAMEWORK_HEADER = YES;
				CLANG_WARN_RANGE_LOOP_ANALYSIS = YES;
				CLANG_WARN_STRICT_PROTOTYPES = YES;
				CLANG_WARN_SUSPICIOUS_MOVE = YES;
				CLANG_WARN_UNGUARDED_AVAILABILITY = YES_AGGRESSIVE;
				CLANG_WARN_UNREACHABLE_CODE = YES;
				CLANG_WARN__DUPLICATE_METHOD_MATCH = YES;
				COPY_PHASE_STRIP = NO;
				DEBUG_INFORMATION_FORMAT = dwarf;
				DEVELOPMENT_TEAM = 94FM5KQSS9;
				ENABLE_STRICT_OBJC_MSGSEND = YES;
				ENABLE_TESTABILITY = YES;
				ENABLE_USER_SCRIPT_SANDBOXING = YES;
				GCC_C_LANGUAGE_STANDARD = gnu17;
				GCC_DYNAMIC_NO_PIC = NO;
				GCC_NO_COMMON_BLOCKS = YES;
				GCC_OPTIMIZATION_LEVEL = 0;
				GCC_PREPROCESSOR_DEFINITIONS = (
					"DEBUG=1",
					"$(inherited)",
				);
				GCC_WARN_64_TO_32_BIT_CONVERSION = YES;
				GCC_WARN_ABOUT_RETURN_TYPE = YES_ERROR;
				GCC_WARN_UNDECLARED_SELECTOR = YES;
				GCC_WARN_UNINITIALIZED_AUTOS = YES_AGGRESSIVE;
				GCC_WARN_UNUSED_FUNCTION = YES;
				GCC_WARN_UNUSED_VARIABLE = YES;
				IPHONEOS_DEPLOYMENT_TARGET = 26.1;
				LOCALIZATION_PREFERS_STRING_CATALOGS = YES;
				MTL_ENABLE_DEBUG_INFO = INCLUDE_SOURCE;
				MTL_FAST_MATH = YES;
				ONLY_ACTIVE_ARCH = YES;
				SDKROOT = iphoneos;
				SWIFT_ACTIVE_COMPILATION_CONDITIONS = "DEBUG $(inherited)";
				SWIFT_OPTIMIZATION_LEVEL = "-Onone";
			};
			name = Debug;
		};
		CCDA1E792FF3C5EB00FC61D4 /* Release */ = {
			isa = XCBuildConfiguration;
			buildSettings = {
				ALWAYS_SEARCH_USER_PATHS = NO;
				ASSETCATALOG_COMPILER_GENERATE_SWIFT_ASSET_SYMBOL_EXTENSIONS = YES;
				CLANG_ANALYZER_NONNULL = YES;
				CLANG_ANALYZER_NUMBER_OBJECT_CONVERSION = YES_AGGRESSIVE;
				CLANG_CXX_LANGUAGE_STANDARD = "gnu++20";
				CLANG_ENABLE_MODULES = YES;
				CLANG_ENABLE_OBJC_ARC = YES;
				CLANG_ENABLE_OBJC_WEAK = YES;
				CLANG_WARN_BLOCK_CAPTURE_AUTORELEASING = YES;
				CLANG_WARN_BOOL_CONVERSION = YES;
				CLANG_WARN_COMMA = YES;
				CLANG_WARN_CONSTANT_CONVERSION = YES;
				CLANG_WARN_DEPRECATED_OBJC_IMPLEMENTATIONS = YES;
				CLANG_WARN_DIRECT_OBJC_ISA_USAGE = YES_ERROR;
				CLANG_WARN_DOCUMENTATION_COMMENTS = YES;
				CLANG_WARN_EMPTY_BODY = YES;
				CLANG_WARN_ENUM_CONVERSION = YES;
				CLANG_WARN_INFINITE_RECURSION = YES;
				CLANG_WARN_INT_CONVERSION = YES;
				CLANG_WARN_NON_LITERAL_NULL_CONVERSION = YES;
				CLANG_WARN_OBJC_IMPLICIT_RETAIN_SELF = YES;
				CLANG_WARN_OBJC_LITERAL_CONVERSION = YES;
				CLANG_WARN_OBJC_ROOT_CLASS = YES_ERROR;
				CLANG_WARN_QUOTED_INCLUDE_IN_FRAMEWORK_HEADER = YES;
				CLANG_WARN_RANGE_LOOP_ANALYSIS = YES;
				CLANG_WARN_STRICT_PROTOTYPES = YES;
				CLANG_WARN_SUSPICIOUS_MOVE = YES;
				CLANG_WARN_UNGUARDED_AVAILABILITY = YES_AGGRESSIVE;
				CLANG_WARN_UNREACHABLE_CODE = YES;
				CLANG_WARN__DUPLICATE_METHOD_MATCH = YES;
				COPY_PHASE_STRIP = NO;
				DEBUG_INFORMATION_FORMAT = "dwarf-with-dsym";
				DEVELOPMENT_TEAM = 94FM5KQSS9;
				ENABLE_NS_ASSERTIONS = NO;
				ENABLE_STRICT_OBJC_MSGSEND = YES;
				ENABLE_USER_SCRIPT_SANDBOXING = YES;
				GCC_C_LANGUAGE_STANDARD = gnu17;
				GCC_NO_COMMON_BLOCKS = YES;
				GCC_WARN_64_TO_32_BIT_CONVERSION = YES;
				GCC_WARN_ABOUT_RETURN_TYPE = YES_ERROR;
				GCC_WARN_UNDECLARED_SELECTOR = YES;
				GCC_WARN_UNINITIALIZED_AUTOS = YES_AGGRESSIVE;
				GCC_WARN_UNUSED_FUNCTION = YES;
				GCC_WARN_UNUSED_VARIABLE = YES;
				IPHONEOS_DEPLOYMENT_TARGET = 26.1;
				LOCALIZATION_PREFERS_STRING_CATALOGS = YES;
				MTL_ENABLE_DEBUG_INFO = NO;
				MTL_FAST_MATH = YES;
				SDKROOT = iphoneos;
				SWIFT_COMPILATION_MODE = wholemodule;
				VALIDATE_PRODUCT = YES;
			};
			name = Release;
		};
		CCDA1E7B2FF3C5EB00FC61D4 /* Debug */ = {
			isa = XCBuildConfiguration;
			buildSettings = {
				ASSETCATALOG_COMPILER_APPICON_NAME = AppIcon;
				ASSETCATALOG_COMPILER_GLOBAL_ACCENT_COLOR_NAME = AccentColor;
				CODE_SIGN_STYLE = Automatic;
				CURRENT_PROJECT_VERSION = 1;
				DEVELOPMENT_TEAM = 94FM5KQSS9;
				ENABLE_PREVIEWS = YES;
				GENERATE_INFOPLIST_FILE = YES;
				INFOPLIST_KEY_UIApplicationSceneManifest_Generation = YES;
				INFOPLIST_KEY_UIApplicationSupportsIndirectInputEvents = YES;
				INFOPLIST_KEY_UILaunchScreen_Generation = YES;
				INFOPLIST_KEY_UISupportedInterfaceOrientations_iPad = "UIInterfaceOrientationPortrait UIInterfaceOrientationPortraitUpsideDown UIInterfaceOrientationLandscapeLeft UIInterfaceOrientationLandscapeRight";
				INFOPLIST_KEY_UISupportedInterfaceOrientations_iPhone = "UIInterfaceOrientationPortrait UIInterfaceOrientationLandscapeLeft UIInterfaceOrientationLandscapeRight";
				LD_RUNPATH_SEARCH_PATHS = (
					"$(inherited)",
					"@executable_path/Frameworks",
				);
				MARKETING_VERSION = 1.0;
				PRODUCT_BUNDLE_IDENTIFIER = algebra.alfonsomariscal.com.Algebra;
				PRODUCT_NAME = "$(TARGET_NAME)";
				STRING_CATALOG_GENERATE_SYMBOLS = YES;
				SWIFT_APPROACHABLE_CONCURRENCY = YES;
				SWIFT_DEFAULT_ACTOR_ISOLATION = MainActor;
				SWIFT_EMIT_LOC_STRINGS = YES;
				SWIFT_UPCOMING_FEATURE_MEMBER_IMPORT_VISIBILITY = YES;
				SWIFT_VERSION = 5.0;
				TARGETED_DEVICE_FAMILY = "1,2";
			};
			name = Debug;
		};
		CCDA1E7C2FF3C5EB00FC61D4 /* Release */ = {
			isa = XCBuildConfiguration;
			buildSettings = {
				ASSETCATALOG_COMPILER_APPICON_NAME = AppIcon;
				ASSETCATALOG_COMPILER_GLOBAL_ACCENT_COLOR_NAME = AccentColor;
				CODE_SIGN_STYLE = Automatic;
				CURRENT_PROJECT_VERSION = 1;
				DEVELOPMENT_TEAM = 94FM5KQSS9;
				ENABLE_PREVIEWS = YES;
				GENERATE_INFOPLIST_FILE = YES;
				INFOPLIST_KEY_UIApplicationSceneManifest_Generation = YES;
				INFOPLIST_KEY_UIApplicationSupportsIndirectInputEvents = YES;
				INFOPLIST_KEY_UILaunchScreen_Generation = YES;
				INFOPLIST_KEY_UISupportedInterfaceOrientations_iPad = "UIInterfaceOrientationPortrait UIInterfaceOrientationPortraitUpsideDown UIInterfaceOrientationLandscapeLeft UIInterfaceOrientationLandscapeRight";
				INFOPLIST_KEY_UISupportedInterfaceOrientations_iPhone = "UIInterfaceOrientationPortrait UIInterfaceOrientationLandscapeLeft UIInterfaceOrientationLandscapeRight";
				LD_RUNPATH_SEARCH_PATHS = (
					"$(inherited)",
					"@executable_path/Frameworks",
				);
				MARKETING_VERSION = 1.0;
				PRODUCT_BUNDLE_IDENTIFIER = algebra.alfonsomariscal.com.Algebra;
				PRODUCT_NAME = "$(TARGET_NAME)";
				STRING_CATALOG_GENERATE_SYMBOLS = YES;
				SWIFT_APPROACHABLE_CONCURRENCY = YES;
				SWIFT_DEFAULT_ACTOR_ISOLATION = MainActor;
				SWIFT_EMIT_LOC_STRINGS = YES;
				SWIFT_UPCOMING_FEATURE_MEMBER_IMPORT_VISIBILITY = YES;
				SWIFT_VERSION = 5.0;
				TARGETED_DEVICE_FAMILY = "1,2";
			};
			name = Release;
		};
		CCDA1E7E2FF3C5EB00FC61D4 /* Debug */ = {
			isa = XCBuildConfiguration;
			buildSettings = {
				BUNDLE_LOADER = "$(TEST_HOST)";
				CODE_SIGN_STYLE = Automatic;
				CURRENT_PROJECT_VERSION = 1;
				DEVELOPMENT_TEAM = 94FM5KQSS9;
				GENERATE_INFOPLIST_FILE = YES;
				IPHONEOS_DEPLOYMENT_TARGET = 26.1;
				MARKETING_VERSION = 1.0;
				PRODUCT_BUNDLE_IDENTIFIER = algebra.alfonsomariscal.com.AlgebraTests;
				PRODUCT_NAME = "$(TARGET_NAME)";
				STRING_CATALOG_GENERATE_SYMBOLS = NO;
				SWIFT_APPROACHABLE_CONCURRENCY = YES;
				SWIFT_EMIT_LOC_STRINGS = NO;
				SWIFT_UPCOMING_FEATURE_MEMBER_IMPORT_VISIBILITY = YES;
				SWIFT_VERSION = 5.0;
				TARGETED_DEVICE_FAMILY = "1,2";
				TEST_HOST = "$(BUILT_PRODUCTS_DIR)/Algebra.app/$(BUNDLE_EXECUTABLE_FOLDER_PATH)/Algebra";
			};
			name = Debug;
		};
		CCDA1E7F2FF3C5EB00FC61D4 /* Release */ = {
			isa = XCBuildConfiguration;
			buildSettings = {
				BUNDLE_LOADER = "$(TEST_HOST)";
				CODE_SIGN_STYLE = Automatic;
				CURRENT_PROJECT_VERSION = 1;
				DEVELOPMENT_TEAM = 94FM5KQSS9;
				GENERATE_INFOPLIST_FILE = YES;
				IPHONEOS_DEPLOYMENT_TARGET = 26.1;
				MARKETING_VERSION = 1.0;
				PRODUCT_BUNDLE_IDENTIFIER = algebra.alfonsomariscal.com.AlgebraTests;
				PRODUCT_NAME = "$(TARGET_NAME)";
				STRING_CATALOG_GENERATE_SYMBOLS = NO;
				SWIFT_APPROACHABLE_CONCURRENCY = YES;
				SWIFT_EMIT_LOC_STRINGS = NO;
				SWIFT_UPCOMING_FEATURE_MEMBER_IMPORT_VISIBILITY = YES;
				SWIFT_VERSION = 5.0;
				TARGETED_DEVICE_FAMILY = "1,2";
				TEST_HOST = "$(BUILT_PRODUCTS_DIR)/Algebra.app/$(BUNDLE_EXECUTABLE_FOLDER_PATH)/Algebra";
			};
			name = Release;
		};
		CCDA1E812FF3C5EB00FC61D4 /* Debug */ = {
			isa = XCBuildConfiguration;
			buildSettings = {
				CODE_SIGN_STYLE = Automatic;
				CURRENT_PROJECT_VERSION = 1;
				DEVELOPMENT_TEAM = 94FM5KQSS9;
				GENERATE_INFOPLIST_FILE = YES;
				MARKETING_VERSION = 1.0;
				PRODUCT_BUNDLE_IDENTIFIER = algebra.alfonsomariscal.com.AlgebraUITests;
				PRODUCT_NAME = "$(TARGET_NAME)";
				STRING_CATALOG_GENERATE_SYMBOLS = NO;
				SWIFT_APPROACHABLE_CONCURRENCY = YES;
				SWIFT_EMIT_LOC_STRINGS = NO;
				SWIFT_UPCOMING_FEATURE_MEMBER_IMPORT_VISIBILITY = YES;
				SWIFT_VERSION = 5.0;
				TARGETED_DEVICE_FAMILY = "1,2";
				TEST_TARGET_NAME = Algebra;
			};
			name = Debug;
		};
		CCDA1E822FF3C5EB00FC61D4 /* Release */ = {
			isa = XCBuildConfiguration;
			buildSettings = {
				CODE_SIGN_STYLE = Automatic;
				CURRENT_PROJECT_VERSION = 1;
				DEVELOPMENT_TEAM = 94FM5KQSS9;
				GENERATE_INFOPLIST_FILE = YES;
				MARKETING_VERSION = 1.0;
				PRODUCT_BUNDLE_IDENTIFIER = algebra.alfonsomariscal.com.AlgebraUITests;
				PRODUCT_NAME = "$(TARGET_NAME)";
				STRING_CATALOG_GENERATE_SYMBOLS = NO;
				SWIFT_APPROACHABLE_CONCURRENCY = YES;
				SWIFT_EMIT_LOC_STRINGS = NO;
				SWIFT_UPCOMING_FEATURE_MEMBER_IMPORT_VISIBILITY = YES;
				SWIFT_VERSION = 5.0;
				TARGETED_DEVICE_FAMILY = "1,2";
				TEST_TARGET_NAME = Algebra;
			};
			name = Release;
		};
/* End XCBuildConfiguration section */

/* Begin XCConfigurationList section */
		CCDA1E542FF3C5E900FC61D4 /* Build configuration list for PBXProject "Algebra" */ = {
			isa = XCConfigurationList;
			buildConfigurations = (
				CCDA1E782FF3C5EB00FC61D4 /* Debug */,
				CCDA1E792FF3C5EB00FC61D4 /* Release */,
			);
			defaultConfigurationIsVisible = 0;
			defaultConfigurationName = Release;
		};
		CCDA1E7A2FF3C5EB00FC61D4 /* Build configuration list for PBXNativeTarget "Algebra" */ = {
			isa = XCConfigurationList;
			buildConfigurations = (
				CCDA1E7B2FF3C5EB00FC61D4 /* Debug */,
				CCDA1E7C2FF3C5EB00FC61D4 /* Release */,
			);
			defaultConfigurationIsVisible = 0;
			defaultConfigurationName = Release;
		};
		CCDA1E7D2FF3C5EB00FC61D4 /* Build configuration list for PBXNativeTarget "AlgebraTests" */ = {
			isa = XCConfigurationList;
			buildConfigurations = (
				CCDA1E7E2FF3C5EB00FC61D4 /* Debug */,
				CCDA1E7F2FF3C5EB00FC61D4 /* Release */,
			);
			defaultConfigurationIsVisible = 0;
			defaultConfigurationName = Release;
		};
		CCDA1E802FF3C5EB00FC61D4 /* Build configuration list for PBXNativeTarget "AlgebraUITests" */ = {
			isa = XCConfigurationList;
			buildConfigurations = (
				CCDA1E812FF3C5EB00FC61D4 /* Debug */,
				CCDA1E822FF3C5EB00FC61D4 /* Release */,
			);
			defaultConfigurationIsVisible = 0;
			defaultConfigurationName = Release;
		};
/* End XCConfigurationList section */

/* Begin XCRemoteSwiftPackageReference section */
		CC1CC0BB2FF3CD6000398131 /* XCRemoteSwiftPackageReference "SwiftMath" */ = {
			isa = XCRemoteSwiftPackageReference;
			repositoryURL = "https://github.com/mgriebling/SwiftMath";
			requirement = {
				kind = upToNextMajorVersion;
				minimumVersion = 1.7.3;
			};
		};
/* End XCRemoteSwiftPackageReference section */

/* Begin XCSwiftPackageProductDependency section */
		CC1CC0BC2FF3CD6000398131 /* SwiftMath */ = {
			isa = XCSwiftPackageProductDependency;
			package = CC1CC0BB2FF3CD6000398131 /* XCRemoteSwiftPackageReference "SwiftMath" */;
			productName = SwiftMath;
		};
/* End XCSwiftPackageProductDependency section */
	};
	rootObject = CCDA1E512FF3C5E900FC61D4 /* Project object */;
}
